
Microsoft Visual Studio Solution File, Format Version 12.00
# Visual Studio Version 16
VisualStudioVersion = 16.0.31729.503
MinimumVisualStudioVersion = 10.0.40219.1
Project("{9A19103F-16F7-4668-BE54-9A1E7A4F7556}") = "IDOApplication.Api", "IDOApplication\IDOApplication.Api.csproj", "{18633C12-E75A-4645-93C5-37428BED39E3}"
EndProject
Project("{FAE04EC0-301F-11D3-BF4B-00C04F79EFBC}") = "IDOApplication.Models", "IDOApplication.Models\IDOApplication.Models.csproj", "{55CFAC2A-93F1-440B-83B0-0C42079EBB39}"
EndProject
Global
	GlobalSection(SolutionConfigurationPlatforms) = preSolution
		Debug|Any CPU = Debug|Any CPU
		Release|Any CPU = Release|Any CPU
	EndGlobalSection
	GlobalSection(ProjectConfigurationPlatforms) = postSolution
		{18633C12-E75A-4645-93C5-37428BED39E3}.Debug|Any CPU.ActiveCfg = Debug|Any CPU
		{18633C12-E75A-4645-93C5-37428BED39E3}.Debug|Any CPU.Build.0 = Debug|Any CPU
		{18633C12-E75A-4645-93C5-37428BED39E3}.Release|Any CPU.ActiveCfg = Release|Any CPU
		{18633C12-E75A-4645-93C5-37428BED39E3}.Release|Any CPU.Build.0 = Release|Any CPU
		{55CFAC2A-93F1-440B-83B0-0C42079EBB39}.Debug|Any CPU.ActiveCfg = Debug|Any CPU
		{55CFAC2A-93F1-440B-83B0-0C42079EBB39}.Debug|Any CPU.Build.0 = Debug|Any CPU
		{55CFAC2A-93F1-440B-83B0-0C42079EBB39}.Release|Any CPU.ActiveCfg = Release|Any CPU
		{55CFAC2A-93F1-440B-83B0-0C42079EBB39}.Release|Any CPU.Build.0 = Release|Any CPU
	EndGlobalSection
	GlobalSection(SolutionProperties) = preSolution
		HideSolutionNode = FALSE
	EndGlobalSection
	GlobalSection(ExtensibilityGlobals) = postSolution
		SolutionGuid = {69901090-1DD8-4A81-BE5A-B89160802505}
	EndGlobalSection
EndGlobal
